<?xml version="1.0" encoding="utf-8"?>
<Project ToolsVersion="16.0" xmlns="http://schemas.microsoft.com/developer/msbuild/2003">
  <ItemGroup>
    <ClCompile Include="D:\workspace\technical-summary\02.language\c++\cmake\demo\main.cpp">
      <Filter>Source Files</Filter>
    </ClCompile>
  </ItemGroup>
  <ItemGroup>
    <CustomBuild Include="D:\workspace\technical-summary\02.language\c++\cmake\demo\CMakeLists.txt" />
  </ItemGroup>
  <ItemGroup>
    <Filter Include="Source Files">
      <UniqueIdentifier>{1828DEDD-3F9F-35E3-AFDB-6CB1B041CCA4}</UniqueIdentifier>
    </Filter>
  </ItemGroup>
</Project>
