
Microsoft Visual Studio Solution File, Format Version 12.00
# Visual Studio Version 16
Project("{8BC9CEB8-8B4A-11D0-8D11-00A0C91BC942}") = "ALL_BUILD", "ALL_BUILD.vcxproj", "{08113853-7602-3678-B762-8AD7A7F3048C}"
	ProjectSection(ProjectDependencies) = postProject
		{91151245-232E-3574-9940-0E0EBA6BAF01} = {91151245-232E-3574-9940-0E0EBA6BAF01}
		{26C5BB46-3AF2-3120-B633-87E51943FF8F} = {26C5BB46-3AF2-3120-B633-87E51943FF8F}
	EndProjectSection
EndProject
Project("{8BC9CEB8-8B4A-11D0-8D11-00A0C91BC942}") = "ZERO_CHECK", "ZERO_CHECK.vcxproj", "{91151245-232E-3574-9940-0E0EBA6BAF01}"
	ProjectSection(ProjectDependencies) = postProject
	EndProjectSection
EndProject
Project("{8BC9CEB8-8B4A-11D0-8D11-00A0C91BC942}") = "main", "main.vcxproj", "{26C5BB46-3AF2-3120-B633-87E51943FF8F}"
	ProjectSection(ProjectDependencies) = postProject
		{91151245-232E-3574-9940-0E0EBA6BAF01} = {91151245-232E-3574-9940-0E0EBA6BAF01}
	EndProjectSection
EndProject
Global
	GlobalSection(SolutionConfigurationPlatforms) = preSolution
		Debug|x64 = Debug|x64
		Release|x64 = Release|x64
		MinSizeRel|x64 = MinSizeRel|x64
		RelWithDebInfo|x64 = RelWithDebInfo|x64
	EndGlobalSection
	GlobalSection(ProjectConfigurationPlatforms) = postSolution
		{08113853-7602-3678-B762-8AD7A7F3048C}.Debug|x64.ActiveCfg = Debug|x64
		{08113853-7602-3678-B762-8AD7A7F3048C}.Release|x64.ActiveCfg = Release|x64
		{08113853-7602-3678-B762-8AD7A7F3048C}.MinSizeRel|x64.ActiveCfg = MinSizeRel|x64
		{08113853-7602-3678-B762-8AD7A7F3048C}.RelWithDebInfo|x64.ActiveCfg = RelWithDebInfo|x64
		{91151245-232E-3574-9940-0E0EBA6BAF01}.Debug|x64.ActiveCfg = Debug|x64
		{91151245-232E-3574-9940-0E0EBA6BAF01}.Debug|x64.Build.0 = Debug|x64
		{91151245-232E-3574-9940-0E0EBA6BAF01}.Release|x64.ActiveCfg = Release|x64
		{91151245-232E-3574-9940-0E0EBA6BAF01}.Release|x64.Build.0 = Release|x64
		{91151245-232E-3574-9940-0E0EBA6BAF01}.MinSizeRel|x64.ActiveCfg = MinSizeRel|x64
		{91151245-232E-3574-9940-0E0EBA6BAF01}.MinSizeRel|x64.Build.0 = MinSizeRel|x64
		{91151245-232E-3574-9940-0E0EBA6BAF01}.RelWithDebInfo|x64.ActiveCfg = RelWithDebInfo|x64
		{91151245-232E-3574-9940-0E0EBA6BAF01}.RelWithDebInfo|x64.Build.0 = RelWithDebInfo|x64
		{26C5BB46-3AF2-3120-B633-87E51943FF8F}.Debug|x64.ActiveCfg = Debug|x64
		{26C5BB46-3AF2-3120-B633-87E51943FF8F}.Debug|x64.Build.0 = Debug|x64
		{26C5BB46-3AF2-3120-B633-87E51943FF8F}.Release|x64.ActiveCfg = Release|x64
		{26C5BB46-3AF2-3120-B633-87E51943FF8F}.Release|x64.Build.0 = Release|x64
		{26C5BB46-3AF2-3120-B633-87E51943FF8F}.MinSizeRel|x64.ActiveCfg = MinSizeRel|x64
		{26C5BB46-3AF2-3120-B633-87E51943FF8F}.MinSizeRel|x64.Build.0 = MinSizeRel|x64
		{26C5BB46-3AF2-3120-B633-87E51943FF8F}.RelWithDebInfo|x64.ActiveCfg = RelWithDebInfo|x64
		{26C5BB46-3AF2-3120-B633-87E51943FF8F}.RelWithDebInfo|x64.Build.0 = RelWithDebInfo|x64
	EndGlobalSection
	GlobalSection(ExtensibilityGlobals) = postSolution
		SolutionGuid = {2800D996-D4BE-3169-B05C-577E9DADE625}
	EndGlobalSection
	GlobalSection(ExtensibilityAddIns) = postSolution
	EndGlobalSection
EndGlobal
